
Microsoft Visual Studio Solution File, Format Version 12.00
# Visual Studio Version 17
VisualStudioVersion = 17.1.32414.318
MinimumVisualStudioVersion = 10.0.40219.1
Project("{9A19103F-16F7-4668-BE54-9A1E7A4F7556}") = "Liquid.Cache", "src\Liquid.Cache\Liquid.Cache.csproj", "{16EEF504-D7B3-4F07-B7C0-53EB3975904B}"
EndProject
Project("{2150E333-8FDC-42A3-9474-1A3956D46DE8}") = "Solution Items", "Solution Items", "{D19F0F0F-38BD-41C7-98F5-E767042DA5FC}"
	ProjectSection(SolutionItems) = preProject
		test\CodeCoverage.runsettings = test\CodeCoverage.runsettings
		logo.png = logo.png
		nuget.config = nuget.config
	EndProjectSection
EndProject
Project("{9A19103F-16F7-4668-BE54-9A1E7A4F7556}") = "Liquid.Cache.Tests", "test\Liquid.Cache.Tests\Liquid.Cache.Tests.csproj", "{7CE147F2-5EA6-45CF-8D03-85C1F66BC529}"
EndProject
Project("{2150E333-8FDC-42A3-9474-1A3956D46DE8}") = "Redis", "Redis", "{CB7FB409-466C-4315-B6B8-19645456CB0F}"
EndProject
Project("{FAE04EC0-301F-11D3-BF4B-00C04F79EFBC}") = "Liquid.Cache.Redis", "src\Liquid.Cache.Redis\Liquid.Cache.Redis.csproj", "{971BD9C2-A125-4A19-BF9C-BF3696D20D15}"
EndProject
Project("{FAE04EC0-301F-11D3-BF4B-00C04F79EFBC}") = "Liquid.Cache.Redis.Tests", "test\Liquid.Cache.Redis.Tests\Liquid.Cache.Redis.Tests.csproj", "{7C472ACA-4FAA-4A7E-9314-B01D1559A917}"
EndProject
Project("{2150E333-8FDC-42A3-9474-1A3956D46DE8}") = "Memory", "Memory", "{3DEA6AB0-831F-4AE9-84BA-0D363C8629DA}"
EndProject
Project("{FAE04EC0-301F-11D3-BF4B-00C04F79EFBC}") = "Liquid.Cache.Memory", "src\Liquid.Cache.Memory\Liquid.Cache.Memory.csproj", "{30B92095-0C03-4FE5-A363-6BAF13C38A3E}"
EndProject
Project("{FAE04EC0-301F-11D3-BF4B-00C04F79EFBC}") = "Liquid.Cache.Memory.Tests", "test\Liquid.Cache.Memory.Tests\Liquid.Cache.Memory.Tests.csproj", "{983C0073-F73C-425D-A239-A8C5C1E2E5F9}"
EndProject
Global
	GlobalSection(SolutionConfigurationPlatforms) = preSolution
		Debug|Any CPU = Debug|Any CPU
		Release|Any CPU = Release|Any CPU
	EndGlobalSection
	GlobalSection(ProjectConfigurationPlatforms) = postSolution
		{16EEF504-D7B3-4F07-B7C0-53EB3975904B}.Debug|Any CPU.ActiveCfg = Debug|Any CPU
		{16EEF504-D7B3-4F07-B7C0-53EB3975904B}.Debug|Any CPU.Build.0 = Debug|Any CPU
		{16EEF504-D7B3-4F07-B7C0-53EB3975904B}.Release|Any CPU.ActiveCfg = Release|Any CPU
		{16EEF504-D7B3-4F07-B7C0-53EB3975904B}.Release|Any CPU.Build.0 = Release|Any CPU
		{7CE147F2-5EA6-45CF-8D03-85C1F66BC529}.Debug|Any CPU.ActiveCfg = Debug|Any CPU
		{7CE147F2-5EA6-45CF-8D03-85C1F66BC529}.Debug|Any CPU.Build.0 = Debug|Any CPU
		{7CE147F2-5EA6-45CF-8D03-85C1F66BC529}.Release|Any CPU.ActiveCfg = Release|Any CPU
		{7CE147F2-5EA6-45CF-8D03-85C1F66BC529}.Release|Any CPU.Build.0 = Release|Any CPU
		{971BD9C2-A125-4A19-BF9C-BF3696D20D15}.Debug|Any CPU.ActiveCfg = Debug|Any CPU
		{971BD9C2-A125-4A19-BF9C-BF3696D20D15}.Debug|Any CPU.Build.0 = Debug|Any CPU
		{971BD9C2-A125-4A19-BF9C-BF3696D20D15}.Release|Any CPU.ActiveCfg = Release|Any CPU
		{971BD9C2-A125-4A19-BF9C-BF3696D20D15}.Release|Any CPU.Build.0 = Release|Any CPU
		{7C472ACA-4FAA-4A7E-9314-B01D1559A917}.Debug|Any CPU.ActiveCfg = Debug|Any CPU
		{7C472ACA-4FAA-4A7E-9314-B01D1559A917}.Debug|Any CPU.Build.0 = Debug|Any CPU
		{7C472ACA-4FAA-4A7E-9314-B01D1559A917}.Release|Any CPU.ActiveCfg = Release|Any CPU
		{7C472ACA-4FAA-4A7E-9314-B01D1559A917}.Release|Any CPU.Build.0 = Release|Any CPU
		{30B92095-0C03-4FE5-A363-6BAF13C38A3E}.Debug|Any CPU.ActiveCfg = Debug|Any CPU
		{30B92095-0C03-4FE5-A363-6BAF13C38A3E}.Debug|Any CPU.Build.0 = Debug|Any CPU
		{30B92095-0C03-4FE5-A363-6BAF13C38A3E}.Release|Any CPU.ActiveCfg = Release|Any CPU
		{30B92095-0C03-4FE5-A363-6BAF13C38A3E}.Release|Any CPU.Build.0 = Release|Any CPU
		{983C0073-F73C-425D-A239-A8C5C1E2E5F9}.Debug|Any CPU.ActiveCfg = Debug|Any CPU
		{983C0073-F73C-425D-A239-A8C5C1E2E5F9}.Debug|Any CPU.Build.0 = Debug|Any CPU
		{983C0073-F73C-425D-A239-A8C5C1E2E5F9}.Release|Any CPU.ActiveCfg = Release|Any CPU
		{983C0073-F73C-425D-A239-A8C5C1E2E5F9}.Release|Any CPU.Build.0 = Release|Any CPU
	EndGlobalSection
	GlobalSection(SolutionProperties) = preSolution
		HideSolutionNode = FALSE
	EndGlobalSection
	GlobalSection(NestedProjects) = preSolution
		{971BD9C2-A125-4A19-BF9C-BF3696D20D15} = {CB7FB409-466C-4315-B6B8-19645456CB0F}
		{7C472ACA-4FAA-4A7E-9314-B01D1559A917} = {CB7FB409-466C-4315-B6B8-19645456CB0F}
		{30B92095-0C03-4FE5-A363-6BAF13C38A3E} = {3DEA6AB0-831F-4AE9-84BA-0D363C8629DA}
		{983C0073-F73C-425D-A239-A8C5C1E2E5F9} = {3DEA6AB0-831F-4AE9-84BA-0D363C8629DA}
	EndGlobalSection
	GlobalSection(ExtensibilityGlobals) = postSolution
		SolutionGuid = {BC45FBB9-D2C3-4E3F-8668-5AA9146BBE4C}
	EndGlobalSection
EndGlobal
