
Microsoft Visual Studio Solution File, Format Version 12.00
# Visual Studio Version 16
VisualStudioVersion = 16.0.29215.179
MinimumVisualStudioVersion = 10.0.40219.1
Project("{9A19103F-16F7-4668-BE54-9A1E7A4F7556}") = "Liquid.WebApi.Http", "src\Liquid.WebApi.Http\Liquid.WebApi.Http.csproj", "{25D05D84-4DFB-4F3D-92A2-B06DFA244BA4}"
EndProject
Project("{9A19103F-16F7-4668-BE54-9A1E7A4F7556}") = "Liquid.WebApi.Grpc", "src\Liquid.WebApi.Grpc\Liquid.WebApi.Grpc.csproj", "{7806419C-7191-4D7A-BD52-8E705553ABEB}"
EndProject
Project("{9A19103F-16F7-4668-BE54-9A1E7A4F7556}") = "Liquid.WebApi.Grpc.Tests", "test\Liquid.WebApi.Grpc.Tests\Liquid.WebApi.Grpc.Tests.csproj", "{3B8464A5-3795-464E-A3B2-D2851C9E38DC}"
EndProject
Project("{2150E333-8FDC-42A3-9474-1A3956D46DE8}") = "workflows", "workflows", "{7B0BC311-679F-4D1F-BE49-DF3E49863792}"
	ProjectSection(SolutionItems) = preProject
		.github\workflows\liquid-ci-cd-grpc-cartridge.yml = .github\workflows\liquid-ci-cd-grpc-cartridge.yml
		.github\workflows\liquid-ci-cd-http-cartridge.yml = .github\workflows\liquid-ci-cd-http-cartridge.yml
	EndProjectSection
EndProject
Project("{2150E333-8FDC-42A3-9474-1A3956D46DE8}") = "Grcp", "Grcp", "{15BED263-E56A-45B2-A647-7D44500383E1}"
EndProject
Project("{2150E333-8FDC-42A3-9474-1A3956D46DE8}") = "Http", "Http", "{13C213E0-722A-4CD5-9209-21E12FDA0CA8}"
EndProject
Project("{9A19103F-16F7-4668-BE54-9A1E7A4F7556}") = "Liquid.WebApi.Http.Tests", "test\Liquid.WebApi.Http.Tests\Liquid.WebApi.Http.Tests.csproj", "{39DDC514-44CD-43BE-9E5B-C3B86665895E}"
EndProject
Global
	GlobalSection(SolutionConfigurationPlatforms) = preSolution
		Debug|Any CPU = Debug|Any CPU
		Release|Any CPU = Release|Any CPU
	EndGlobalSection
	GlobalSection(ProjectConfigurationPlatforms) = postSolution
		{25D05D84-4DFB-4F3D-92A2-B06DFA244BA4}.Debug|Any CPU.ActiveCfg = Debug|Any CPU
		{25D05D84-4DFB-4F3D-92A2-B06DFA244BA4}.Debug|Any CPU.Build.0 = Debug|Any CPU
		{25D05D84-4DFB-4F3D-92A2-B06DFA244BA4}.Release|Any CPU.ActiveCfg = Release|Any CPU
		{25D05D84-4DFB-4F3D-92A2-B06DFA244BA4}.Release|Any CPU.Build.0 = Release|Any CPU
		{7806419C-7191-4D7A-BD52-8E705553ABEB}.Debug|Any CPU.ActiveCfg = Debug|Any CPU
		{7806419C-7191-4D7A-BD52-8E705553ABEB}.Debug|Any CPU.Build.0 = Debug|Any CPU
		{7806419C-7191-4D7A-BD52-8E705553ABEB}.Release|Any CPU.ActiveCfg = Release|Any CPU
		{7806419C-7191-4D7A-BD52-8E705553ABEB}.Release|Any CPU.Build.0 = Release|Any CPU
		{3B8464A5-3795-464E-A3B2-D2851C9E38DC}.Debug|Any CPU.ActiveCfg = Debug|Any CPU
		{3B8464A5-3795-464E-A3B2-D2851C9E38DC}.Debug|Any CPU.Build.0 = Debug|Any CPU
		{3B8464A5-3795-464E-A3B2-D2851C9E38DC}.Release|Any CPU.ActiveCfg = Release|Any CPU
		{3B8464A5-3795-464E-A3B2-D2851C9E38DC}.Release|Any CPU.Build.0 = Release|Any CPU
		{39DDC514-44CD-43BE-9E5B-C3B86665895E}.Debug|Any CPU.ActiveCfg = Debug|Any CPU
		{39DDC514-44CD-43BE-9E5B-C3B86665895E}.Debug|Any CPU.Build.0 = Debug|Any CPU
		{39DDC514-44CD-43BE-9E5B-C3B86665895E}.Release|Any CPU.ActiveCfg = Release|Any CPU
		{39DDC514-44CD-43BE-9E5B-C3B86665895E}.Release|Any CPU.Build.0 = Release|Any CPU
	EndGlobalSection
	GlobalSection(SolutionProperties) = preSolution
		HideSolutionNode = FALSE
	EndGlobalSection
	GlobalSection(NestedProjects) = preSolution
		{25D05D84-4DFB-4F3D-92A2-B06DFA244BA4} = {13C213E0-722A-4CD5-9209-21E12FDA0CA8}
		{7806419C-7191-4D7A-BD52-8E705553ABEB} = {15BED263-E56A-45B2-A647-7D44500383E1}
		{3B8464A5-3795-464E-A3B2-D2851C9E38DC} = {15BED263-E56A-45B2-A647-7D44500383E1}
		{39DDC514-44CD-43BE-9E5B-C3B86665895E} = {13C213E0-722A-4CD5-9209-21E12FDA0CA8}
	EndGlobalSection
	GlobalSection(ExtensibilityGlobals) = postSolution
		SolutionGuid = {83C46B4F-18D0-45CB-B7EC-9A5B8840F6A0}
	EndGlobalSection
EndGlobal
