
Microsoft Visual Studio Solution File, Format Version 12.00
# Visual Studio Version 17
VisualStudioVersion = 17.6.34202.202
MinimumVisualStudioVersion = 10.0.40219.1
Project("{9A19103F-16F7-4668-BE54-9A1E7A4F7556}") = "Liquid.Adapter.Dataverse", "src\Liquid.Adapter.Dataverse\Liquid.Adapter.Dataverse.csproj", "{02191AB8-D13C-4CCC-8455-08813FB0C9C3}"
EndProject
Project("{9A19103F-16F7-4668-BE54-9A1E7A4F7556}") = "Liquid.Adapter.Dataverse.Tests", "test\Liquid.Adapter.Dataverse.Tests\Liquid.Adapter.Dataverse.Tests.csproj", "{90D60966-6004-4705-907D-780503EBC141}"
EndProject
Project("{FAE04EC0-301F-11D3-BF4B-00C04F79EFBC}") = "Liquid.Adapter.Dataverse.Console", "Liquid.Adapter.Dataverse.Console\Liquid.Adapter.Dataverse.Console.csproj", "{210EB710-3818-4B21-BC3F-D7BBC0F0DFE8}"
EndProject
Global
	GlobalSection(SolutionConfigurationPlatforms) = preSolution
		Debug|Any CPU = Debug|Any CPU
		Release|Any CPU = Release|Any CPU
	EndGlobalSection
	GlobalSection(ProjectConfigurationPlatforms) = postSolution
		{02191AB8-D13C-4CCC-8455-08813FB0C9C3}.Debug|Any CPU.ActiveCfg = Debug|Any CPU
		{02191AB8-D13C-4CCC-8455-08813FB0C9C3}.Debug|Any CPU.Build.0 = Debug|Any CPU
		{02191AB8-D13C-4CCC-8455-08813FB0C9C3}.Release|Any CPU.ActiveCfg = Release|Any CPU
		{02191AB8-D13C-4CCC-8455-08813FB0C9C3}.Release|Any CPU.Build.0 = Release|Any CPU
		{90D60966-6004-4705-907D-780503EBC141}.Debug|Any CPU.ActiveCfg = Debug|Any CPU
		{90D60966-6004-4705-907D-780503EBC141}.Debug|Any CPU.Build.0 = Debug|Any CPU
		{90D60966-6004-4705-907D-780503EBC141}.Release|Any CPU.ActiveCfg = Release|Any CPU
		{90D60966-6004-4705-907D-780503EBC141}.Release|Any CPU.Build.0 = Release|Any CPU
		{210EB710-3818-4B21-BC3F-D7BBC0F0DFE8}.Debug|Any CPU.ActiveCfg = Debug|Any CPU
		{210EB710-3818-4B21-BC3F-D7BBC0F0DFE8}.Debug|Any CPU.Build.0 = Debug|Any CPU
		{210EB710-3818-4B21-BC3F-D7BBC0F0DFE8}.Release|Any CPU.ActiveCfg = Release|Any CPU
		{210EB710-3818-4B21-BC3F-D7BBC0F0DFE8}.Release|Any CPU.Build.0 = Release|Any CPU
	EndGlobalSection
	GlobalSection(SolutionProperties) = preSolution
		HideSolutionNode = FALSE
	EndGlobalSection
	GlobalSection(ExtensibilityGlobals) = postSolution
		SolutionGuid = {8105640B-39D2-4FFE-8BBD-D8E37F2A070D}
	EndGlobalSection
EndGlobal
