
Microsoft Visual Studio Solution File, Format Version 12.00
# Visual Studio Version 17
VisualStudioVersion = 17.8.34408.163
MinimumVisualStudioVersion = 10.0.40219.1
Project("{9A19103F-16F7-4668-BE54-9A1E7A4F7556}") = "PROJECTNAME.Domain", "PROJECTNAME.Domain\PROJECTNAME.Domain.csproj", "{C45FC20A-6DAD-4BDE-BC3D-EBECF4058565}"
EndProject
Project("{9A19103F-16F7-4668-BE54-9A1E7A4F7556}") = "PROJECTNAME.WebApi", "PROJECTNAME.WebApi\PROJECTNAME.WebApi.csproj", "{D5B3CA90-0B90-4CE5-A108-AF53BEE9EB44}"
EndProject
Global
	GlobalSection(SolutionConfigurationPlatforms) = preSolution
		Debug|Any CPU = Debug|Any CPU
		Release|Any CPU = Release|Any CPU
	EndGlobalSection
	GlobalSection(ProjectConfigurationPlatforms) = postSolution
		{C45FC20A-6DAD-4BDE-BC3D-EBECF4058565}.Debug|Any CPU.ActiveCfg = Debug|Any CPU
		{C45FC20A-6DAD-4BDE-BC3D-EBECF4058565}.Debug|Any CPU.Build.0 = Debug|Any CPU
		{C45FC20A-6DAD-4BDE-BC3D-EBECF4058565}.Release|Any CPU.ActiveCfg = Release|Any CPU
		{C45FC20A-6DAD-4BDE-BC3D-EBECF4058565}.Release|Any CPU.Build.0 = Release|Any CPU
		{D5B3CA90-0B90-4CE5-A108-AF53BEE9EB44}.Debug|Any CPU.ActiveCfg = Debug|Any CPU
		{D5B3CA90-0B90-4CE5-A108-AF53BEE9EB44}.Debug|Any CPU.Build.0 = Debug|Any CPU
		{D5B3CA90-0B90-4CE5-A108-AF53BEE9EB44}.Release|Any CPU.ActiveCfg = Release|Any CPU
		{D5B3CA90-0B90-4CE5-A108-AF53BEE9EB44}.Release|Any CPU.Build.0 = Release|Any CPU
	EndGlobalSection
	GlobalSection(SolutionProperties) = preSolution
		HideSolutionNode = FALSE
	EndGlobalSection
	GlobalSection(ExtensibilityGlobals) = postSolution
		SolutionGuid = {F64CB676-D776-4B6A-B54B-59EA1BD87241}
	EndGlobalSection
EndGlobal
