
Microsoft Visual Studio Solution File, Format Version 12.00
# Visual Studio Version 16
VisualStudioVersion = 16.0.31829.152
MinimumVisualStudioVersion = 10.0.40219.1
Project("{9A19103F-16F7-4668-BE54-9A1E7A4F7556}") = "PROJECTNAME.WebApi", "PROJECTNAME.WebApi\PROJECTNAME.WebApi.csproj", "{6BE514BC-64EC-4B29-AE76-55A3336E6AC1}"
EndProject
Project("{9A19103F-16F7-4668-BE54-9A1E7A4F7556}") = "PROJECTNAME.Domain", "PROJECTNAME.Domain\PROJECTNAME.Domain.csproj", "{71CB0D5D-C39C-42A0-855A-987AB246DBAF}"
EndProject
Global
	GlobalSection(SolutionConfigurationPlatforms) = preSolution
		Debug|Any CPU = Debug|Any CPU
		Release|Any CPU = Release|Any CPU
	EndGlobalSection
	GlobalSection(ProjectConfigurationPlatforms) = postSolution
		{6BE514BC-64EC-4B29-AE76-55A3336E6AC1}.Debug|Any CPU.ActiveCfg = Debug|Any CPU
		{6BE514BC-64EC-4B29-AE76-55A3336E6AC1}.Debug|Any CPU.Build.0 = Debug|Any CPU
		{6BE514BC-64EC-4B29-AE76-55A3336E6AC1}.Release|Any CPU.ActiveCfg = Release|Any CPU
		{6BE514BC-64EC-4B29-AE76-55A3336E6AC1}.Release|Any CPU.Build.0 = Release|Any CPU
		{71CB0D5D-C39C-42A0-855A-987AB246DBAF}.Debug|Any CPU.ActiveCfg = Debug|Any CPU
		{71CB0D5D-C39C-42A0-855A-987AB246DBAF}.Debug|Any CPU.Build.0 = Debug|Any CPU
		{71CB0D5D-C39C-42A0-855A-987AB246DBAF}.Release|Any CPU.ActiveCfg = Release|Any CPU
		{71CB0D5D-C39C-42A0-855A-987AB246DBAF}.Release|Any CPU.Build.0 = Release|Any CPU
	EndGlobalSection
	GlobalSection(SolutionProperties) = preSolution
		HideSolutionNode = FALSE
	EndGlobalSection
	GlobalSection(ExtensibilityGlobals) = postSolution
		SolutionGuid = {8880F91A-4F08-430D-AC75-378DD7ABAEB2}
	EndGlobalSection
EndGlobal
