
Microsoft Visual Studio Solution File, Format Version 12.00
# Visual Studio Version 16
VisualStudioVersion = 16.0.31005.135
MinimumVisualStudioVersion = 10.0.40219.1
Project("{9A19103F-16F7-4668-BE54-9A1E7A4F7556}") = "Liquid.Repository", "Liquid.Repository\Liquid.Repository.csproj", "{35EC4C0D-9308-499C-A679-1D1FDDF6286B}"
EndProject
Project("{2150E333-8FDC-42A3-9474-1A3956D46DE8}") = "Solution Items", "Solution Items", "{87C5D7BD-5550-4790-BEE7-B9646E16CF14}"
	ProjectSection(SolutionItems) = preProject
		CodeCoverage.runsettings = CodeCoverage.runsettings
		logo.png = logo.png
		nuget.config = nuget.config
	EndProjectSection
EndProject
Project("{9A19103F-16F7-4668-BE54-9A1E7A4F7556}") = "Liquid.Repository.MongoDb", "Liquid.Repository.MongoDb\Liquid.Repository.MongoDb.csproj", "{D7B0D4F0-756B-4038-9DB2-0A1AD65ED72A}"
EndProject
Project("{2150E333-8FDC-42A3-9474-1A3956D46DE8}") = "MongoDb", "MongoDb", "{423393C9-BDA6-493D-BC28-E98B241C7BCD}"
EndProject
Project("{9A19103F-16F7-4668-BE54-9A1E7A4F7556}") = "Liquid.Repository.MongoDb.UnitTest", "..\tests\Liquid.Repository.MongoDb.UnitTest\Liquid.Repository.MongoDb.UnitTest.csproj", "{A4C30747-510F-4693-97B6-2784A3C4DE58}"
EndProject
Project("{FAE04EC0-301F-11D3-BF4B-00C04F79EFBC}") = "Liquid.Repository.UnitTest", "..\tests\Liquid.Repository.UnitTest\Liquid.Repository.UnitTest.csproj", "{52DA5FBC-0445-49F7-B92F-BB95DC6D7BDD}"
EndProject
Global
	GlobalSection(SolutionConfigurationPlatforms) = preSolution
		Debug|Any CPU = Debug|Any CPU
		Release|Any CPU = Release|Any CPU
	EndGlobalSection
	GlobalSection(ProjectConfigurationPlatforms) = postSolution
		{35EC4C0D-9308-499C-A679-1D1FDDF6286B}.Debug|Any CPU.ActiveCfg = Debug|Any CPU
		{35EC4C0D-9308-499C-A679-1D1FDDF6286B}.Debug|Any CPU.Build.0 = Debug|Any CPU
		{35EC4C0D-9308-499C-A679-1D1FDDF6286B}.Release|Any CPU.ActiveCfg = Release|Any CPU
		{35EC4C0D-9308-499C-A679-1D1FDDF6286B}.Release|Any CPU.Build.0 = Release|Any CPU
		{D7B0D4F0-756B-4038-9DB2-0A1AD65ED72A}.Debug|Any CPU.ActiveCfg = Debug|Any CPU
		{D7B0D4F0-756B-4038-9DB2-0A1AD65ED72A}.Debug|Any CPU.Build.0 = Debug|Any CPU
		{D7B0D4F0-756B-4038-9DB2-0A1AD65ED72A}.Release|Any CPU.ActiveCfg = Release|Any CPU
		{D7B0D4F0-756B-4038-9DB2-0A1AD65ED72A}.Release|Any CPU.Build.0 = Release|Any CPU
		{A4C30747-510F-4693-97B6-2784A3C4DE58}.Debug|Any CPU.ActiveCfg = Debug|Any CPU
		{A4C30747-510F-4693-97B6-2784A3C4DE58}.Debug|Any CPU.Build.0 = Debug|Any CPU
		{A4C30747-510F-4693-97B6-2784A3C4DE58}.Release|Any CPU.ActiveCfg = Release|Any CPU
		{A4C30747-510F-4693-97B6-2784A3C4DE58}.Release|Any CPU.Build.0 = Release|Any CPU
		{52DA5FBC-0445-49F7-B92F-BB95DC6D7BDD}.Debug|Any CPU.ActiveCfg = Debug|Any CPU
		{52DA5FBC-0445-49F7-B92F-BB95DC6D7BDD}.Debug|Any CPU.Build.0 = Debug|Any CPU
		{52DA5FBC-0445-49F7-B92F-BB95DC6D7BDD}.Release|Any CPU.ActiveCfg = Release|Any CPU
		{52DA5FBC-0445-49F7-B92F-BB95DC6D7BDD}.Release|Any CPU.Build.0 = Release|Any CPU
	EndGlobalSection
	GlobalSection(SolutionProperties) = preSolution
		HideSolutionNode = FALSE
	EndGlobalSection
	GlobalSection(NestedProjects) = preSolution
		{D7B0D4F0-756B-4038-9DB2-0A1AD65ED72A} = {423393C9-BDA6-493D-BC28-E98B241C7BCD}
		{A4C30747-510F-4693-97B6-2784A3C4DE58} = {423393C9-BDA6-493D-BC28-E98B241C7BCD}
	EndGlobalSection
	GlobalSection(ExtensibilityGlobals) = postSolution
		SolutionGuid = {0FEB4D7E-0239-49E7-85DC-C54DA7746EE6}
	EndGlobalSection
EndGlobal
