
Microsoft Visual Studio Solution File, Format Version 12.00
# Visual Studio Version 16
VisualStudioVersion = 16.0.32106.194
MinimumVisualStudioVersion = 10.0.40219.1
Project("{9A19103F-16F7-4668-BE54-9A1E7A4F7556}") = "PROJECTNAME.WebApi", "PROJECTNAME.WebApi\PROJECTNAME.WebApi.csproj", "{A0ACD038-88CB-4717-819D-982EC8FB7B77}"
EndProject
Project("{9A19103F-16F7-4668-BE54-9A1E7A4F7556}") = "PROJECTNAME.Domain", "PROJECTNAME.Domain\PROJECTNAME.Domain.csproj", "{31F60967-56CC-4B1C-B79F-620DD7DD7031}"
EndProject
Global
	GlobalSection(SolutionConfigurationPlatforms) = preSolution
		Debug|Any CPU = Debug|Any CPU
		Release|Any CPU = Release|Any CPU
	EndGlobalSection
	GlobalSection(ProjectConfigurationPlatforms) = postSolution
		{A0ACD038-88CB-4717-819D-982EC8FB7B77}.Debug|Any CPU.ActiveCfg = Debug|Any CPU
		{A0ACD038-88CB-4717-819D-982EC8FB7B77}.Debug|Any CPU.Build.0 = Debug|Any CPU
		{A0ACD038-88CB-4717-819D-982EC8FB7B77}.Release|Any CPU.ActiveCfg = Release|Any CPU
		{A0ACD038-88CB-4717-819D-982EC8FB7B77}.Release|Any CPU.Build.0 = Release|Any CPU
		{31F60967-56CC-4B1C-B79F-620DD7DD7031}.Debug|Any CPU.ActiveCfg = Debug|Any CPU
		{31F60967-56CC-4B1C-B79F-620DD7DD7031}.Debug|Any CPU.Build.0 = Debug|Any CPU
		{31F60967-56CC-4B1C-B79F-620DD7DD7031}.Release|Any CPU.ActiveCfg = Release|Any CPU
		{31F60967-56CC-4B1C-B79F-620DD7DD7031}.Release|Any CPU.Build.0 = Release|Any CPU
	EndGlobalSection
	GlobalSection(SolutionProperties) = preSolution
		HideSolutionNode = FALSE
	EndGlobalSection
	GlobalSection(ExtensibilityGlobals) = postSolution
		SolutionGuid = {5F34B1DC-5775-449B-8CEC-CBA30C2AB958}
	EndGlobalSection
EndGlobal
